
Microsoft Visual Studio Solution File, Format Version 12.00
# Visual Studio 15
VisualStudioVersion = 15.0.27004.2008
MinimumVisualStudioVersion = 10.0.40219.1
Project("{FAE04EC0-301F-11D3-BF4B-00C04F79EFBC}") = "Capitulo01.Variaveis", "Capitulo01.Variaveis\Capitulo01.Variaveis.csproj", "{C62A969A-CBE3-48EC-9C72-79E1E3807CF8}"
EndProject
Project("{FAE04EC0-301F-11D3-BF4B-00C04F79EFBC}") = "Capitulo01.Troco", "Capitulo01.Troco\Capitulo01.Troco.csproj", "{F3F9643D-267D-43F9-AB0B-40C93C234195}"
EndProject
Project("{FAE04EC0-301F-11D3-BF4B-00C04F79EFBC}") = "Capitulo02.Fretes", "Capitulo02.Fretes\Capitulo02.Fretes.csproj", "{980C14E5-992E-493F-BCE9-D9A4A9656098}"
EndProject
Project("{FAE04EC0-301F-11D3-BF4B-00C04F79EFBC}") = "Capitulo02.Tabuada", "Capitulo02.Tabuada\Capitulo02.Tabuada.csproj", "{A5C1672E-A8E3-44C7-84F4-481A22705EE4}"
EndProject
Project("{FAE04EC0-301F-11D3-BF4B-00C04F79EFBC}") = "Capitulo02.Repeticao.Testes", "Capitulo02.Repeticao.Testes\Capitulo02.Repeticao.Testes.csproj", "{978A46FC-719C-4FBC-9B3E-A41768EAA810}"
EndProject
Project("{FAE04EC0-301F-11D3-BF4B-00C04F79EFBC}") = "Oficina.Dominio", "Oficina.Dominio\Oficina.Dominio.csproj", "{8E30304E-CEEC-4D5C-892F-2BDDD2ABD6D6}"
EndProject
Project("{FAE04EC0-301F-11D3-BF4B-00C04F79EFBC}") = "Oficina.Repositorios.SistemaArquivos", "Oficina.Repositorios.SistemaArquivos\Oficina.Repositorios.SistemaArquivos.csproj", "{918AC6DC-D617-420F-BA0D-D837F3C45291}"
EndProject
Project("{FAE04EC0-301F-11D3-BF4B-00C04F79EFBC}") = "Oficina.Repositorios.SistemaArquivosTests", "Oficina.Repositorios.SistemaArquivosTests\Oficina.Repositorios.SistemaArquivosTests.csproj", "{1FC902FE-324F-4892-938A-463CC12096A4}"
EndProject
Global
	GlobalSection(SolutionConfigurationPlatforms) = preSolution
		Debug|Any CPU = Debug|Any CPU
		Release|Any CPU = Release|Any CPU
	EndGlobalSection
	GlobalSection(ProjectConfigurationPlatforms) = postSolution
		{C62A969A-CBE3-48EC-9C72-79E1E3807CF8}.Debug|Any CPU.ActiveCfg = Debug|Any CPU
		{C62A969A-CBE3-48EC-9C72-79E1E3807CF8}.Debug|Any CPU.Build.0 = Debug|Any CPU
		{C62A969A-CBE3-48EC-9C72-79E1E3807CF8}.Release|Any CPU.ActiveCfg = Release|Any CPU
		{C62A969A-CBE3-48EC-9C72-79E1E3807CF8}.Release|Any CPU.Build.0 = Release|Any CPU
		{F3F9643D-267D-43F9-AB0B-40C93C234195}.Debug|Any CPU.ActiveCfg = Debug|Any CPU
		{F3F9643D-267D-43F9-AB0B-40C93C234195}.Debug|Any CPU.Build.0 = Debug|Any CPU
		{F3F9643D-267D-43F9-AB0B-40C93C234195}.Release|Any CPU.ActiveCfg = Release|Any CPU
		{F3F9643D-267D-43F9-AB0B-40C93C234195}.Release|Any CPU.Build.0 = Release|Any CPU
		{980C14E5-992E-493F-BCE9-D9A4A9656098}.Debug|Any CPU.ActiveCfg = Debug|Any CPU
		{980C14E5-992E-493F-BCE9-D9A4A9656098}.Debug|Any CPU.Build.0 = Debug|Any CPU
		{980C14E5-992E-493F-BCE9-D9A4A9656098}.Release|Any CPU.ActiveCfg = Release|Any CPU
		{980C14E5-992E-493F-BCE9-D9A4A9656098}.Release|Any CPU.Build.0 = Release|Any CPU
		{A5C1672E-A8E3-44C7-84F4-481A22705EE4}.Debug|Any CPU.ActiveCfg = Debug|Any CPU
		{A5C1672E-A8E3-44C7-84F4-481A22705EE4}.Debug|Any CPU.Build.0 = Debug|Any CPU
		{A5C1672E-A8E3-44C7-84F4-481A22705EE4}.Release|Any CPU.ActiveCfg = Release|Any CPU
		{A5C1672E-A8E3-44C7-84F4-481A22705EE4}.Release|Any CPU.Build.0 = Release|Any CPU
		{978A46FC-719C-4FBC-9B3E-A41768EAA810}.Debug|Any CPU.ActiveCfg = Debug|Any CPU
		{978A46FC-719C-4FBC-9B3E-A41768EAA810}.Debug|Any CPU.Build.0 = Debug|Any CPU
		{978A46FC-719C-4FBC-9B3E-A41768EAA810}.Release|Any CPU.ActiveCfg = Release|Any CPU
		{978A46FC-719C-4FBC-9B3E-A41768EAA810}.Release|Any CPU.Build.0 = Release|Any CPU
		{8E30304E-CEEC-4D5C-892F-2BDDD2ABD6D6}.Debug|Any CPU.ActiveCfg = Debug|Any CPU
		{8E30304E-CEEC-4D5C-892F-2BDDD2ABD6D6}.Debug|Any CPU.Build.0 = Debug|Any CPU
		{8E30304E-CEEC-4D5C-892F-2BDDD2ABD6D6}.Release|Any CPU.ActiveCfg = Release|Any CPU
		{8E30304E-CEEC-4D5C-892F-2BDDD2ABD6D6}.Release|Any CPU.Build.0 = Release|Any CPU
		{918AC6DC-D617-420F-BA0D-D837F3C45291}.Debug|Any CPU.ActiveCfg = Debug|Any CPU
		{918AC6DC-D617-420F-BA0D-D837F3C45291}.Debug|Any CPU.Build.0 = Debug|Any CPU
		{918AC6DC-D617-420F-BA0D-D837F3C45291}.Release|Any CPU.ActiveCfg = Release|Any CPU
		{918AC6DC-D617-420F-BA0D-D837F3C45291}.Release|Any CPU.Build.0 = Release|Any CPU
		{1FC902FE-324F-4892-938A-463CC12096A4}.Debug|Any CPU.ActiveCfg = Debug|Any CPU
		{1FC902FE-324F-4892-938A-463CC12096A4}.Debug|Any CPU.Build.0 = Debug|Any CPU
		{1FC902FE-324F-4892-938A-463CC12096A4}.Release|Any CPU.ActiveCfg = Release|Any CPU
		{1FC902FE-324F-4892-938A-463CC12096A4}.Release|Any CPU.Build.0 = Release|Any CPU
	EndGlobalSection
	GlobalSection(SolutionProperties) = preSolution
		HideSolutionNode = FALSE
	EndGlobalSection
	GlobalSection(ExtensibilityGlobals) = postSolution
		SolutionGuid = {16AFC49F-B3A0-438F-BFD6-840C30966351}
	EndGlobalSection
EndGlobal
